PODS:
  - Flutter (1.0.0)
  - flutter_splendid_ble (0.0.1):
    - Flutter

DEPENDENCIES:
  - Flutter (from `Flutter`)
  - flutter_splendid_ble (from `.symlinks/plugins/flutter_splendid_ble/ios`)

EXTERNAL SOURCES:
  Flutter:
    :path: Flutter
  flutter_splendid_ble:
    :path: ".symlinks/plugins/flutter_splendid_ble/ios"

SPEC CHECKSUMS:
  Flutter: cabc95a1d2626b1b06e7179b784ebcf0c0cde467
  flutter_splendid_ble: 1b3decd7bd7e090e8f321086e6ef6d97212208a9

PODFILE CHECKSUM: 3c63482e143d1b91d2d2560aee9fb04ecc74ac7e

COCOAPODS: 1.16.2
